
Microsoft Visual Studio Solution File, Format Version 12.00
# Visual Studio Version 17
VisualStudioVersion = 17.2.32526.322
MinimumVisualStudioVersion = 10.0.40219.1
Project("{9A19103F-16F7-4668-BE54-9A1E7A4F7556}") = "Book", "Book.csproj", "{A249001C-E5B3-4B53-9B14-E3EA76E3BCA8}"
EndProject
Global
	GlobalSection(SolutionConfigurationPlatforms) = preSolution
		Debug|Any CPU = Debug|Any CPU
		Release|Any CPU = Release|Any CPU
	EndGlobalSection
	GlobalSection(ProjectConfigurationPlatforms) = postSolution
		{A249001C-E5B3-4B53-9B14-E3EA76E3BCA8}.Debug|Any CPU.ActiveCfg = Debug|Any CPU
		{A249001C-E5B3-4B53-9B14-E3EA76E3BCA8}.Debug|Any CPU.Build.0 = Debug|Any CPU
		{A249001C-E5B3-4B53-9B14-E3EA76E3BCA8}.Release|Any CPU.ActiveCfg = Release|Any CPU
		{A249001C-E5B3-4B53-9B14-E3EA76E3BCA8}.Release|Any CPU.Build.0 = Release|Any CPU
	EndGlobalSection
	GlobalSection(SolutionProperties) = preSolution
		HideSolutionNode = FALSE
	EndGlobalSection
	GlobalSection(ExtensibilityGlobals) = postSolution
		SolutionGuid = {DCDC1C1F-0302-4927-8DC7-1148F22BA81B}
	EndGlobalSection
EndGlobal
